
Microsoft Visual Studio Solution File, Format Version 12.00
# Visual Studio Version 17
VisualStudioVersion = 17.9.34902.65
MinimumVisualStudioVersion = 10.0.40219.1
Project("{9A19103F-16F7-4668-BE54-9A1E7A4F7556}") = "TripApp", "TripApp.csproj", "{AA1E6302-5F5B-4EC8-BBAF-30BFFD38D69A}"
EndProject
Global
	GlobalSection(SolutionConfigurationPlatforms) = preSolution
		Debug|Any CPU = Debug|Any CPU
		Release|Any CPU = Release|Any CPU
	EndGlobalSection
	GlobalSection(ProjectConfigurationPlatforms) = postSolution
		{AA1E6302-5F5B-4EC8-BBAF-30BFFD38D69A}.Debug|Any CPU.ActiveCfg = Debug|Any CPU
		{AA1E6302-5F5B-4EC8-BBAF-30BFFD38D69A}.Debug|Any CPU.Build.0 = Debug|Any CPU
		{AA1E6302-5F5B-4EC8-BBAF-30BFFD38D69A}.Release|Any CPU.ActiveCfg = Release|Any CPU
		{AA1E6302-5F5B-4EC8-BBAF-30BFFD38D69A}.Release|Any CPU.Build.0 = Release|Any CPU
	EndGlobalSection
	GlobalSection(SolutionProperties) = preSolution
		HideSolutionNode = FALSE
	EndGlobalSection
	GlobalSection(ExtensibilityGlobals) = postSolution
		SolutionGuid = {DB7FBB59-2EFB-4874-8576-EC67C9956D19}
	EndGlobalSection
EndGlobal
